
Microsoft Visual Studio Solution File, Format Version 12.00
Project("{FAE04EC0-301F-11D3-BF4B-00C04F79EFBC}") = "PictureView", "PictureView.csproj", "{74502CAD-5723-476D-A4FC-22FE3B809733}"
EndProject
Project("{FAE04EC0-301F-11D3-BF4B-00C04F79EFBC}") = "StdOttStandardLib", "..\StdOttLib\StdOttStandardLib\StdOttStandardLib.csproj", "{80C1B70B-0E0E-43AF-8569-2BFD294B0783}"
EndProject
Global
	GlobalSection(SolutionConfigurationPlatforms) = preSolution
		Debug|Any CPU = Debug|Any CPU
		Release|Any CPU = Release|Any CPU
	EndGlobalSection
	GlobalSection(ProjectConfigurationPlatforms) = postSolution
		{74502CAD-5723-476D-A4FC-22FE3B809733}.Debug|Any CPU.ActiveCfg = Debug|Any CPU
		{74502CAD-5723-476D-A4FC-22FE3B809733}.Debug|Any CPU.Build.0 = Debug|Any CPU
		{74502CAD-5723-476D-A4FC-22FE3B809733}.Release|Any CPU.ActiveCfg = Release|Any CPU
		{74502CAD-5723-476D-A4FC-22FE3B809733}.Release|Any CPU.Build.0 = Release|Any CPU
		{80C1B70B-0E0E-43AF-8569-2BFD294B0783}.Debug|Any CPU.ActiveCfg = Debug|Any CPU
		{80C1B70B-0E0E-43AF-8569-2BFD294B0783}.Debug|Any CPU.Build.0 = Debug|Any CPU
		{80C1B70B-0E0E-43AF-8569-2BFD294B0783}.Release|Any CPU.ActiveCfg = Release|Any CPU
		{80C1B70B-0E0E-43AF-8569-2BFD294B0783}.Release|Any CPU.Build.0 = Release|Any CPU
	EndGlobalSection
EndGlobal
